
Microsoft Visual Studio Solution File, Format Version 12.00
# Visual Studio Version 16
VisualStudioVersion = 16.0.29728.190
MinimumVisualStudioVersion = 10.0.40219.1
Project("{FAE04EC0-301F-11D3-BF4B-00C04F79EFBC}") = "WordUnscrambler", "WordUnscrambler\WordUnscrambler.csproj", "{DBD8708D-B055-411A-8A61-13F583C452B1}"
EndProject
Global
	GlobalSection(SolutionConfigurationPlatforms) = preSolution
		Debug|Any CPU = Debug|Any CPU
		Release|Any CPU = Release|Any CPU
	EndGlobalSection
	GlobalSection(ProjectConfigurationPlatforms) = postSolution
		{DBD8708D-B055-411A-8A61-13F583C452B1}.Debug|Any CPU.ActiveCfg = Debug|Any CPU
		{DBD8708D-B055-411A-8A61-13F583C452B1}.Debug|Any CPU.Build.0 = Debug|Any CPU
		{DBD8708D-B055-411A-8A61-13F583C452B1}.Release|Any CPU.ActiveCfg = Release|Any CPU
		{DBD8708D-B055-411A-8A61-13F583C452B1}.Release|Any CPU.Build.0 = Release|Any CPU
	EndGlobalSection
	GlobalSection(SolutionProperties) = preSolution
		HideSolutionNode = FALSE
	EndGlobalSection
	GlobalSection(ExtensibilityGlobals) = postSolution
		SolutionGuid = {5B586C40-0117-443D-AC09-CF7CF3D66164}
	EndGlobalSection
EndGlobal
